// !$*UTF8*$!
{
	archiveVersion = 1;
	classes = {
	};
	objectVersion = 50;
	objects = {

/* Begin PBXBuildFile section */
		A00588B1283A689A00F19F12 /* GoalsEntity+CoreDataClass.swift in Sources */ = {isa = PBXBuildFile; fileRef = A00588AF283A689A00F19F12 /* GoalsEntity+CoreDataClass.swift */; };
		A00588B2283A689A00F19F12 /* GoalsEntity+CoreDataProperties.swift in Sources */ = {isa = PBXBuildFile; fileRef = A00588B0283A689A00F19F12 /* GoalsEntity+CoreDataProperties.swift */; };
		A043CDF127680B9900FF2580 /* Goal.swift in Sources */ = {isa = PBXBuildFile; fileRef = A043CDF027680B9900FF2580 /* Goal.swift */; };
		A043CDF327680BD800FF2580 /* GoalTests.swift in Sources */ = {isa = PBXBuildFile; fileRef = A043CDF227680BD800FF2580 /* GoalTests.swift */; };
		A0848F3327E7B98E00B90B7F /* TaskEntity+CoreDataClass.swift in Sources */ = {isa = PBXBuildFile; fileRef = A0848F3127E7B98E00B90B7F /* TaskEntity+CoreDataClass.swift */; };
		A0848F3427E7B98E00B90B7F /* TaskEntity+CoreDataProperties.swift in Sources */ = {isa = PBXBuildFile; fileRef = A0848F3227E7B98E00B90B7F /* TaskEntity+CoreDataProperties.swift */; };
		A0A647CB27595DBE003428B7 /* AppDelegate.swift in Sources */ = {isa = PBXBuildFile; fileRef = A0A647CA27595DBE003428B7 /* AppDelegate.swift */; };
		A0A647CD27595DBE003428B7 /* SceneDelegate.swift in Sources */ = {isa = PBXBuildFile; fileRef = A0A647CC27595DBE003428B7 /* SceneDelegate.swift */; };
		A0A647CF27595DBE003428B7 /* ViewController.swift in Sources */ = {isa = PBXBuildFile; fileRef = A0A647CE27595DBE003428B7 /* ViewController.swift */; };
		A0A647D227595DBE003428B7 /* Main.storyboard in Resources */ = {isa = PBXBuildFile; fileRef = A0A647D027595DBE003428B7 /* Main.storyboard */; };
		A0A647D427595DBF003428B7 /* Assets.xcassets in Resources */ = {isa = PBXBuildFile; fileRef = A0A647D327595DBF003428B7 /* Assets.xcassets */; };
		A0A647D727595DBF003428B7 /* LaunchScreen.storyboard in Resources */ = {isa = PBXBuildFile; fileRef = A0A647D527595DBF003428B7 /* LaunchScreen.storyboard */; };
		A0A647E527595E1B003428B7 /* MyFocusTests.swift in Sources */ = {isa = PBXBuildFile; fileRef = A0A647E427595E1B003428B7 /* MyFocusTests.swift */; };
		A0A647EE275960CC003428B7 /* Task.swift in Sources */ = {isa = PBXBuildFile; fileRef = A0A647ED275960CC003428B7 /* Task.swift */; };
		A0A647F027596157003428B7 /* TaskTests.swift in Sources */ = {isa = PBXBuildFile; fileRef = A0A647EF27596157003428B7 /* TaskTests.swift */; };
		A0BA56BB2835A0FD0078517B /* DataController.swift in Sources */ = {isa = PBXBuildFile; fileRef = A0BA56BA2835A0FD0078517B /* DataController.swift */; };
		A0E3E11527DA9F4C00085853 /* FocusData.xcdatamodeld in Sources */ = {isa = PBXBuildFile; fileRef = A0E3E11327DA9F4C00085853 /* FocusData.xcdatamodeld */; };
/* End PBXBuildFile section */

/* Begin PBXContainerItemProxy section */
		A0A647E727595E1B003428B7 /* PBXContainerItemProxy */ = {
			isa = PBXContainerItemProxy;
			containerPortal = A0A647BF27595DBE003428B7 /* Project object */;
			proxyType = 1;
			remoteGlobalIDString = A0A647C627595DBE003428B7;
			remoteInfo = MyFocus;
		};
/* End PBXContainerItemProxy section */

/* Begin PBXFileReference section */
		A00588AF283A689A00F19F12 /* GoalsEntity+CoreDataClass.swift */ = {isa = PBXFileReference; lastKnownFileType = sourcecode.swift; path = "GoalsEntity+CoreDataClass.swift"; sourceTree = "<group>"; };
		A00588B0283A689A00F19F12 /* GoalsEntity+CoreDataProperties.swift */ = {isa = PBXFileReference; lastKnownFileType = sourcecode.swift; path = "GoalsEntity+CoreDataProperties.swift"; sourceTree = "<group>"; };
		A043CDF027680B9900FF2580 /* Goal.swift */ = {isa = PBXFileReference; lastKnownFileType = sourcecode.swift; path = Goal.swift; sourceTree = "<group>"; };
		A043CDF227680BD800FF2580 /* GoalTests.swift */ = {isa = PBXFileReference; lastKnownFileType = sourcecode.swift; path = GoalTests.swift; sourceTree = "<group>"; };
		A0848F3127E7B98E00B90B7F /* TaskEntity+CoreDataClass.swift */ = {isa = PBXFileReference; lastKnownFileType = sourcecode.swift; path = "TaskEntity+CoreDataClass.swift"; sourceTree = "<group>"; };
		A0848F3227E7B98E00B90B7F /* TaskEntity+CoreDataProperties.swift */ = {isa = PBXFileReference; lastKnownFileType = sourcecode.swift; path = "TaskEntity+CoreDataProperties.swift"; sourceTree = "<group>"; };
		A0A647C727595DBE003428B7 /* MyFocus.app */ = {isa = PBXFileReference; explicitFileType = wrapper.application; includeInIndex = 0; path = MyFocus.app; sourceTree = BUILT_PRODUCTS_DIR; };
		A0A647CA27595DBE003428B7 /* AppDelegate.swift */ = {isa = PBXFileReference; lastKnownFileType = sourcecode.swift; path = AppDelegate.swift; sourceTree = "<group>"; };
		A0A647CC27595DBE003428B7 /* SceneDelegate.swift */ = {isa = PBXFileReference; lastKnownFileType = sourcecode.swift; path = SceneDelegate.swift; sourceTree = "<group>"; };
		A0A647CE27595DBE003428B7 /* ViewController.swift */ = {isa = PBXFileReference; lastKnownFileType = sourcecode.swift; path = ViewController.swift; sourceTree = "<group>"; };
		A0A647D127595DBE003428B7 /* Base */ = {isa = PBXFileReference; lastKnownFileType = file.storyboard; name = Base; path = Base.lproj/Main.storyboard; sourceTree = "<group>"; };
		A0A647D327595DBF003428B7 /* Assets.xcassets */ = {isa = PBXFileReference; lastKnownFileType = folder.assetcatalog; path = Assets.xcassets; sourceTree = "<group>"; };
		A0A647D627595DBF003428B7 /* Base */ = {isa = PBXFileReference; lastKnownFileType = file.storyboard; name = Base; path = Base.lproj/LaunchScreen.storyboard; sourceTree = "<group>"; };
		A0A647D827595DBF003428B7 /* Info.plist */ = {isa = PBXFileReference; lastKnownFileType = text.plist.xml; path = Info.plist; sourceTree = "<group>"; };
		A0A647E227595E1B003428B7 /* MyFocusTests.xctest */ = {isa = PBXFileReference; explicitFileType = wrapper.cfbundle; includeInIndex = 0; path = MyFocusTests.xctest; sourceTree = BUILT_PRODUCTS_DIR; };
		A0A647E427595E1B003428B7 /* MyFocusTests.swift */ = {isa = PBXFileReference; lastKnownFileType = sourcecode.swift; path = MyFocusTests.swift; sourceTree = "<group>"; };
		A0A647E627595E1B003428B7 /* Info.plist */ = {isa = PBXFileReference; lastKnownFileType = text.plist.xml; path = Info.plist; sourceTree = "<group>"; };
		A0A647ED275960CC003428B7 /* Task.swift */ = {isa = PBXFileReference; lastKnownFileType = sourcecode.swift; path = Task.swift; sourceTree = "<group>"; };
		A0A647EF27596157003428B7 /* TaskTests.swift */ = {isa = PBXFileReference; lastKnownFileType = sourcecode.swift; path = TaskTests.swift; sourceTree = "<group>"; };
		A0BA56BA2835A0FD0078517B /* DataController.swift */ = {isa = PBXFileReference; lastKnownFileType = sourcecode.swift; path = DataController.swift; sourceTree = "<group>"; };
		A0E3E11427DA9F4C00085853 /* FocusData.xcdatamodel */ = {isa = PBXFileReference; lastKnownFileType = wrapper.xcdatamodel; path = FocusData.xcdatamodel; sourceTree = "<group>"; };
/* End PBXFileReference section */

/* Begin PBXFrameworksBuildPhase section */
		A0A647C427595DBE003428B7 /* Frameworks */ = {
			isa = PBXFrameworksBuildPhase;
			buildActionMask = 2147483647;
			files = (
			);
			runOnlyForDeploymentPostprocessing = 0;
		};
		A0A647DF27595E1B003428B7 /* Frameworks */ = {
			isa = PBXFrameworksBuildPhase;
			buildActionMask = 2147483647;
			files = (
			);
			runOnlyForDeploymentPostprocessing = 0;
		};
/* End PBXFrameworksBuildPhase section */

/* Begin PBXGroup section */
		A0848F3527E7B9F300B90B7F /* MyFocusItems */ = {
			isa = PBXGroup;
			children = (
				A0848F3227E7B98E00B90B7F /* TaskEntity+CoreDataProperties.swift */,
				A0848F3127E7B98E00B90B7F /* TaskEntity+CoreDataClass.swift */,
			);
			path = MyFocusItems;
			sourceTree = "<group>";
		};
		A0A647BE27595DBE003428B7 = {
			isa = PBXGroup;
			children = (
				A00588AF283A689A00F19F12 /* GoalsEntity+CoreDataClass.swift */,
				A00588B0283A689A00F19F12 /* GoalsEntity+CoreDataProperties.swift */,
				A0848F3527E7B9F300B90B7F /* MyFocusItems */,
				A0E3E11327DA9F4C00085853 /* FocusData.xcdatamodeld */,
				A0A647C927595DBE003428B7 /* MyFocus */,
				A0A647E327595E1B003428B7 /* MyFocusTests */,
				A0A647C827595DBE003428B7 /* Products */,
			);
			sourceTree = "<group>";
		};
		A0A647C827595DBE003428B7 /* Products */ = {
			isa = PBXGroup;
			children = (
				A0A647C727595DBE003428B7 /* MyFocus.app */,
				A0A647E227595E1B003428B7 /* MyFocusTests.xctest */,
			);
			name = Products;
			sourceTree = "<group>";
		};
		A0A647C927595DBE003428B7 /* MyFocus */ = {
			isa = PBXGroup;
			children = (
				A0A647EC275960A8003428B7 /* Model */,
				A0A647CA27595DBE003428B7 /* AppDelegate.swift */,
				A0A647CC27595DBE003428B7 /* SceneDelegate.swift */,
				A0A647CE27595DBE003428B7 /* ViewController.swift */,
				A0BA56BA2835A0FD0078517B /* DataController.swift */,
				A0A647D027595DBE003428B7 /* Main.storyboard */,
				A0A647D327595DBF003428B7 /* Assets.xcassets */,
				A0A647D527595DBF003428B7 /* LaunchScreen.storyboard */,
				A0A647D827595DBF003428B7 /* Info.plist */,
			);
			path = MyFocus;
			sourceTree = "<group>";
		};
		A0A647E327595E1B003428B7 /* MyFocusTests */ = {
			isa = PBXGroup;
			children = (
				A0A647E427595E1B003428B7 /* MyFocusTests.swift */,
				A0A647E627595E1B003428B7 /* Info.plist */,
				A0A647EF27596157003428B7 /* TaskTests.swift */,
				A043CDF227680BD800FF2580 /* GoalTests.swift */,
			);
			path = MyFocusTests;
			sourceTree = "<group>";
		};
		A0A647EC275960A8003428B7 /* Model */ = {
			isa = PBXGroup;
			children = (
				A043CDF027680B9900FF2580 /* Goal.swift */,
				A0A647ED275960CC003428B7 /* Task.swift */,
			);
			path = Model;
			sourceTree = "<group>";
		};
/* End PBXGroup section */

/* Begin PBXNativeTarget section */
		A0A647C627595DBE003428B7 /* MyFocus */ = {
			isa = PBXNativeTarget;
			buildConfigurationList = A0A647DB27595DBF003428B7 /* Build configuration list for PBXNativeTarget "MyFocus" */;
			buildPhases = (
				A0A647C327595DBE003428B7 /* Sources */,
				A0A647C427595DBE003428B7 /* Frameworks */,
				A0A647C527595DBE003428B7 /* Resources */,
			);
			buildRules = (
			);
			dependencies = (
			);
			name = MyFocus;
			productName = MyFocus;
			productReference = A0A647C727595DBE003428B7 /* MyFocus.app */;
			productType = "com.apple.product-type.application";
		};
		A0A647E127595E1B003428B7 /* MyFocusTests */ = {
			isa = PBXNativeTarget;
			buildConfigurationList = A0A647E927595E1B003428B7 /* Build configuration list for PBXNativeTarget "MyFocusTests" */;
			buildPhases = (
				A0A647DE27595E1B003428B7 /* Sources */,
				A0A647DF27595E1B003428B7 /* Frameworks */,
				A0A647E027595E1B003428B7 /* Resources */,
			);
			buildRules = (
			);
			dependencies = (
				A0A647E827595E1B003428B7 /* PBXTargetDependency */,
			);
			name = MyFocusTests;
			productName = MyFocusTests;
			productReference = A0A647E227595E1B003428B7 /* MyFocusTests.xctest */;
			productType = "com.apple.product-type.bundle.unit-test";
		};
/* End PBXNativeTarget section */

/* Begin PBXProject section */
		A0A647BF27595DBE003428B7 /* Project object */ = {
			isa = PBXProject;
			attributes = {
				LastSwiftUpdateCheck = 1250;
				LastUpgradeCheck = 1250;
				TargetAttributes = {
					A0A647C627595DBE003428B7 = {
						CreatedOnToolsVersion = 12.5.1;
					};
					A0A647E127595E1B003428B7 = {
						CreatedOnToolsVersion = 12.5.1;
						TestTargetID = A0A647C627595DBE003428B7;
					};
				};
			};
			buildConfigurationList = A0A647C227595DBE003428B7 /* Build configuration list for PBXProject "MyFocus" */;
			compatibilityVersion = "Xcode 9.3";
			developmentRegion = en;
			hasScannedForEncodings = 0;
			knownRegions = (
				en,
				Base,
			);
			mainGroup = A0A647BE27595DBE003428B7;
			productRefGroup = A0A647C827595DBE003428B7 /* Products */;
			projectDirPath = "";
			projectRoot = "";
			targets = (
				A0A647C627595DBE003428B7 /* MyFocus */,
				A0A647E127595E1B003428B7 /* MyFocusTests */,
			);
		};
/* End PBXProject section */

/* Begin PBXResourcesBuildPhase section */
		A0A647C527595DBE003428B7 /* Resources */ = {
			isa = PBXResourcesBuildPhase;
			buildActionMask = 2147483647;
			files = (
				A0A647D727595DBF003428B7 /* LaunchScreen.storyboard in Resources */,
				A0A647D427595DBF003428B7 /* Assets.xcassets in Resources */,
				A0A647D227595DBE003428B7 /* Main.storyboard in Resources */,
			);
			runOnlyForDeploymentPostprocessing = 0;
		};
		A0A647E027595E1B003428B7 /* Resources */ = {
			isa = PBXResourcesBuildPhase;
			buildActionMask = 2147483647;
			files = (
			);
			runOnlyForDeploymentPostprocessing = 0;
		};
/* End PBXResourcesBuildPhase section */

/* Begin PBXSourcesBuildPhase section */
		A0A647C327595DBE003428B7 /* Sources */ = {
			isa = PBXSourcesBuildPhase;
			buildActionMask = 2147483647;
			files = (
				A00588B2283A689A00F19F12 /* GoalsEntity+CoreDataProperties.swift in Sources */,
				A0A647EE275960CC003428B7 /* Task.swift in Sources */,
				A0A647CF27595DBE003428B7 /* ViewController.swift in Sources */,
				A0A647CB27595DBE003428B7 /* AppDelegate.swift in Sources */,
				A0E3E11527DA9F4C00085853 /* FocusData.xcdatamodeld in Sources */,
				A0BA56BB2835A0FD0078517B /* DataController.swift in Sources */,
				A0848F3327E7B98E00B90B7F /* TaskEntity+CoreDataClass.swift in Sources */,
				A0848F3427E7B98E00B90B7F /* TaskEntity+CoreDataProperties.swift in Sources */,
				A043CDF127680B9900FF2580 /* Goal.swift in Sources */,
				A0A647CD27595DBE003428B7 /* SceneDelegate.swift in Sources */,
				A00588B1283A689A00F19F12 /* GoalsEntity+CoreDataClass.swift in Sources */,
			);
			runOnlyForDeploymentPostprocessing = 0;
		};
		A0A647DE27595E1B003428B7 /* Sources */ = {
			isa = PBXSourcesBuildPhase;
			buildActionMask = 2147483647;
			files = (
				A0A647F027596157003428B7 /* TaskTests.swift in Sources */,
				A043CDF327680BD800FF2580 /* GoalTests.swift in Sources */,
				A0A647E527595E1B003428B7 /* MyFocusTests.swift in Sources */,
			);
			runOnlyForDeploymentPostprocessing = 0;
		};
/* End PBXSourcesBuildPhase section */

/* Begin PBXTargetDependency section */
		A0A647E827595E1B003428B7 /* PBXTargetDependency */ = {
			isa = PBXTargetDependency;
			target = A0A647C627595DBE003428B7 /* MyFocus */;
			targetProxy = A0A647E727595E1B003428B7 /* PBXContainerItemProxy */;
		};
/* End PBXTargetDependency section */

/* Begin PBXVariantGroup section */
		A0A647D027595DBE003428B7 /* Main.storyboard */ = {
			isa = PBXVariantGroup;
			children = (
				A0A647D127595DBE003428B7 /* Base */,
			);
			name = Main.storyboard;
			sourceTree = "<group>";
		};
		A0A647D527595DBF003428B7 /* LaunchScreen.storyboard */ = {
			isa = PBXVariantGroup;
			children = (
				A0A647D627595DBF003428B7 /* Base */,
			);
			name = LaunchScreen.storyboard;
			sourceTree = "<group>";
		};
/* End PBXVariantGroup section */

/* Begin XCBuildConfiguration section */
		A0A647D927595DBF003428B7 /* Debug */ = {
			isa = XCBuildConfiguration;
			buildSettings = {
				ALWAYS_SEARCH_USER_PATHS = NO;
				CLANG_ANALYZER_NONNULL = YES;
				CLANG_ANALYZER_NUMBER_OBJECT_CONVERSION = YES_AGGRESSIVE;
				CLANG_CXX_LANGUAGE_STANDARD = "gnu++14";
				CLANG_CXX_LIBRARY = "libc++";
				CLANG_ENABLE_MODULES = YES;
				CLANG_ENABLE_OBJC_ARC = YES;
				CLANG_ENABLE_OBJC_WEAK = YES;
				CLANG_WARN_BLOCK_CAPTURE_AUTORELEASING = YES;
				CLANG_WARN_BOOL_CONVERSION = YES;
				CLANG_WARN_COMMA = YES;
				CLANG_WARN_CONSTANT_CONVERSION = YES;
				CLANG_WARN_DEPRECATED_OBJC_IMPLEMENTATIONS = YES;
				CLANG_WARN_DIRECT_OBJC_ISA_USAGE = YES_ERROR;
				CLANG_WARN_DOCUMENTATION_COMMENTS = YES;
				CLANG_WARN_EMPTY_BODY = YES;
				CLANG_WARN_ENUM_CONVERSION = YES;
				CLANG_WARN_INFINITE_RECURSION = YES;
				CLANG_WARN_INT_CONVERSION = YES;
				CLANG_WARN_NON_LITERAL_NULL_CONVERSION = YES;
				CLANG_WARN_OBJC_IMPLICIT_RETAIN_SELF = YES;
				CLANG_WARN_OBJC_LITERAL_CONVERSION = YES;
				CLANG_WARN_OBJC_ROOT_CLASS = YES_ERROR;
				CLANG_WARN_QUOTED_INCLUDE_IN_FRAMEWORK_HEADER = YES;
				CLANG_WARN_RANGE_LOOP_ANALYSIS = YES;
				CLANG_WARN_STRICT_PROTOTYPES = YES;
				CLANG_WARN_SUSPICIOUS_MOVE = YES;
				CLANG_WARN_UNGUARDED_AVAILABILITY = YES_AGGRESSIVE;
				CLANG_WARN_UNREACHABLE_CODE = YES;
				CLANG_WARN__DUPLICATE_METHOD_MATCH = YES;
				COPY_PHASE_STRIP = NO;
				DEBUG_INFORMATION_FORMAT = dwarf;
				ENABLE_STRICT_OBJC_MSGSEND = YES;
				ENABLE_TESTABILITY = YES;
				GCC_C_LANGUAGE_STANDARD = gnu11;
				GCC_DYNAMIC_NO_PIC = NO;
				GCC_NO_COMMON_BLOCKS = YES;
				GCC_OPTIMIZATION_LEVEL = 0;
				GCC_PREPROCESSOR_DEFINITIONS = (
					"DEBUG=1",
					"$(inherited)",
				);
				GCC_WARN_64_TO_32_BIT_CONVERSION = YES;
				GCC_WARN_ABOUT_RETURN_TYPE = YES_ERROR;
				GCC_WARN_UNDECLARED_SELECTOR = YES;
				GCC_WARN_UNINITIALIZED_AUTOS = YES_AGGRESSIVE;
				GCC_WARN_UNUSED_FUNCTION = YES;
				GCC_WARN_UNUSED_VARIABLE = YES;
				IPHONEOS_DEPLOYMENT_TARGET = 14.5;
				MTL_ENABLE_DEBUG_INFO = INCLUDE_SOURCE;
				MTL_FAST_MATH = YES;
				ONLY_ACTIVE_ARCH = YES;
				SDKROOT = iphoneos;
				SWIFT_ACTIVE_COMPILATION_CONDITIONS = DEBUG;
				SWIFT_OPTIMIZATION_LEVEL = "-Onone";
			};
			name = Debug;
		};
		A0A647DA27595DBF003428B7 /* Release */ = {
			isa = XCBuildConfiguration;
			buildSettings = {
				ALWAYS_SEARCH_USER_PATHS = NO;
				CLANG_ANALYZER_NONNULL = YES;
				CLANG_ANALYZER_NUMBER_OBJECT_CONVERSION = YES_AGGRESSIVE;
				CLANG_CXX_LANGUAGE_STANDARD = "gnu++14";
				CLANG_CXX_LIBRARY = "libc++";
				CLANG_ENABLE_MODULES = YES;
				CLANG_ENABLE_OBJC_ARC = YES;
				CLANG_ENABLE_OBJC_WEAK = YES;
				CLANG_WARN_BLOCK_CAPTURE_AUTORELEASING = YES;
				CLANG_WARN_BOOL_CONVERSION = YES;
				CLANG_WARN_COMMA = YES;
				CLANG_WARN_CONSTANT_CONVERSION = YES;
				CLANG_WARN_DEPRECATED_OBJC_IMPLEMENTATIONS = YES;
				CLANG_WARN_DIRECT_OBJC_ISA_USAGE = YES_ERROR;
				CLANG_WARN_DOCUMENTATION_COMMENTS = YES;
				CLANG_WARN_EMPTY_BODY = YES;
				CLANG_WARN_ENUM_CONVERSION = YES;
				CLANG_WARN_INFINITE_RECURSION = YES;
				CLANG_WARN_INT_CONVERSION = YES;
				CLANG_WARN_NON_LITERAL_NULL_CONVERSION = YES;
				CLANG_WARN_OBJC_IMPLICIT_RETAIN_SELF = YES;
				CLANG_WARN_OBJC_LITERAL_CONVERSION = YES;
				CLANG_WARN_OBJC_ROOT_CLASS = YES_ERROR;
				CLANG_WARN_QUOTED_INCLUDE_IN_FRAMEWORK_HEADER = YES;
				CLANG_WARN_RANGE_LOOP_ANALYSIS = YES;
				CLANG_WARN_STRICT_PROTOTYPES = YES;
				CLANG_WARN_SUSPICIOUS_MOVE = YES;
				CLANG_WARN_UNGUARDED_AVAILABILITY = YES_AGGRESSIVE;
				CLANG_WARN_UNREACHABLE_CODE = YES;
				CLANG_WARN__DUPLICATE_METHOD_MATCH = YES;
				COPY_PHASE_STRIP = NO;
				DEBUG_INFORMATION_FORMAT = "dwarf-with-dsym";
				ENABLE_NS_ASSERTIONS = NO;
				ENABLE_STRICT_OBJC_MSGSEND = YES;
				GCC_C_LANGUAGE_STANDARD = gnu11;
				GCC_NO_COMMON_BLOCKS = YES;
				GCC_WARN_64_TO_32_BIT_CONVERSION = YES;
				GCC_WARN_ABOUT_RETURN_TYPE = YES_ERROR;
				GCC_WARN_UNDECLARED_SELECTOR = YES;
				GCC_WARN_UNINITIALIZED_AUTOS = YES_AGGRESSIVE;
				GCC_WARN_UNUSED_FUNCTION = YES;
				GCC_WARN_UNUSED_VARIABLE = YES;
				IPHONEOS_DEPLOYMENT_TARGET = 14.5;
				MTL_ENABLE_DEBUG_INFO = NO;
				MTL_FAST_MATH = YES;
				SDKROOT = iphoneos;
				SWIFT_COMPILATION_MODE = wholemodule;
				SWIFT_OPTIMIZATION_LEVEL = "-O";
				VALIDATE_PRODUCT = YES;
			};
			name = Release;
		};
		A0A647DC27595DBF003428B7 /* Debug */ = {
			isa = XCBuildConfiguration;
			buildSettings = {
				ASSETCATALOG_COMPILER_APPICON_NAME = AppIcon;
				ASSETCATALOG_COMPILER_GLOBAL_ACCENT_COLOR_NAME = AccentColor;
				CODE_SIGN_STYLE = Automatic;
				INFOPLIST_FILE = MyFocus/Info.plist;
				LD_RUNPATH_SEARCH_PATHS = (
					"$(inherited)",
					"@executable_path/Frameworks",
				);
				PRODUCT_BUNDLE_IDENTIFIER = "tora.buke-gmail.com.MyFocus";
				PRODUCT_NAME = "$(TARGET_NAME)";
				SWIFT_VERSION = 5.0;
				TARGETED_DEVICE_FAMILY = "1,2";
			};
			name = Debug;
		};
		A0A647DD27595DBF003428B7 /* Release */ = {
			isa = XCBuildConfiguration;
			buildSettings = {
				ASSETCATALOG_COMPILER_APPICON_NAME = AppIcon;
				ASSETCATALOG_COMPILER_GLOBAL_ACCENT_COLOR_NAME = AccentColor;
				CODE_SIGN_STYLE = Automatic;
				INFOPLIST_FILE = MyFocus/Info.plist;
				LD_RUNPATH_SEARCH_PATHS = (
					"$(inherited)",
					"@executable_path/Frameworks",
				);
				PRODUCT_BUNDLE_IDENTIFIER = "tora.buke-gmail.com.MyFocus";
				PRODUCT_NAME = "$(TARGET_NAME)";
				SWIFT_VERSION = 5.0;
				TARGETED_DEVICE_FAMILY = "1,2";
			};
			name = Release;
		};
		A0A647EA27595E1B003428B7 /* Debug */ = {
			isa = XCBuildConfiguration;
			buildSettings = {
				BUNDLE_LOADER = "$(TEST_HOST)";
				CODE_SIGN_STYLE = Automatic;
				INFOPLIST_FILE = MyFocusTests/Info.plist;
				LD_RUNPATH_SEARCH_PATHS = (
					"$(inherited)",
					"@executable_path/Frameworks",
					"@loader_path/Frameworks",
				);
				PRODUCT_BUNDLE_IDENTIFIER = "tora.buke-gmail.com.MyFocusTests";
				PRODUCT_NAME = "$(TARGET_NAME)";
				SWIFT_VERSION = 5.0;
				TARGETED_DEVICE_FAMILY = "1,2";
				TEST_HOST = "$(BUILT_PRODUCTS_DIR)/MyFocus.app/MyFocus";
			};
			name = Debug;
		};
		A0A647EB27595E1B003428B7 /* Release */ = {
			isa = XCBuildConfiguration;
			buildSettings = {
				BUNDLE_LOADER = "$(TEST_HOST)";
				CODE_SIGN_STYLE = Automatic;
				INFOPLIST_FILE = MyFocusTests/Info.plist;
				LD_RUNPATH_SEARCH_PATHS = (
					"$(inherited)",
					"@executable_path/Frameworks",
					"@loader_path/Frameworks",
				);
				PRODUCT_BUNDLE_IDENTIFIER = "tora.buke-gmail.com.MyFocusTests";
				PRODUCT_NAME = "$(TARGET_NAME)";
				SWIFT_VERSION = 5.0;
				TARGETED_DEVICE_FAMILY = "1,2";
				TEST_HOST = "$(BUILT_PRODUCTS_DIR)/MyFocus.app/MyFocus";
			};
			name = Release;
		};
/* End XCBuildConfiguration section */

/* Begin XCConfigurationList section */
		A0A647C227595DBE003428B7 /* Build configuration list for PBXProject "MyFocus" */ = {
			isa = XCConfigurationList;
			buildConfigurations = (
				A0A647D927595DBF003428B7 /* Debug */,
				A0A647DA27595DBF003428B7 /* Release */,
			);
			defaultConfigurationIsVisible = 0;
			defaultConfigurationName = Release;
		};
		A0A647DB27595DBF003428B7 /* Build configuration list for PBXNativeTarget "MyFocus" */ = {
			isa = XCConfigurationList;
			buildConfigurations = (
				A0A647DC27595DBF003428B7 /* Debug */,
				A0A647DD27595DBF003428B7 /* Release */,
			);
			defaultConfigurationIsVisible = 0;
			defaultConfigurationName = Release;
		};
		A0A647E927595E1B003428B7 /* Build configuration list for PBXNativeTarget "MyFocusTests" */ = {
			isa = XCConfigurationList;
			buildConfigurations = (
				A0A647EA27595E1B003428B7 /* Debug */,
				A0A647EB27595E1B003428B7 /* Release */,
			);
			defaultConfigurationIsVisible = 0;
			defaultConfigurationName = Release;
		};
/* End XCConfigurationList section */

/* Begin XCVersionGroup section */
		A0E3E11327DA9F4C00085853 /* FocusData.xcdatamodeld */ = {
			isa = XCVersionGroup;
			children = (
				A0E3E11427DA9F4C00085853 /* FocusData.xcdatamodel */,
			);
			currentVersion = A0E3E11427DA9F4C00085853 /* FocusData.xcdatamodel */;
			path = FocusData.xcdatamodeld;
			sourceTree = "<group>";
			versionGroupType = wrapper.xcdatamodel;
		};
/* End XCVersionGroup section */
	};
	rootObject = A0A647BF27595DBE003428B7 /* Project object */;
}
